{
  "name": "app",
  "version": "1.0.0",
  "lockfileVersion": 1,
  "requires": true,
  "dependencies": {
    "basisjs": {
      "version": "1.11.1",
      "resolved": "https://registry.npmjs.org/basisjs/-/basisjs-1.11.1.tgz",
      "integrity": "sha512-b0sX8sTY2h2/ay9S7eaakYDbVeC+ElEuW+GvSOZxhIITzGrgHEeZ/+7wWo/i9+xiYk1xPduXlnKxuwj9JnJMvw=="
    }
  }
}
